
Microsoft Visual Studio Solution File, Format Version 12.00
# Visual Studio Version 16
VisualStudioVersion = 16.0.32413.511
MinimumVisualStudioVersion = 10.0.40219.1
Project("{FAE04EC0-301F-11D3-BF4B-00C04F79EFBC}") = "Test_3", "Test_3\Test_3.csproj", "{6613AB6D-BA71-48F2-8072-6058A6C4ECA8}"
EndProject
Global
	GlobalSection(SolutionConfigurationPlatforms) = preSolution
		Debug|Any CPU = Debug|Any CPU
		Release|Any CPU = Release|Any CPU
	EndGlobalSection
	GlobalSection(ProjectConfigurationPlatforms) = postSolution
		{6613AB6D-BA71-48F2-8072-6058A6C4ECA8}.Debug|Any CPU.ActiveCfg = Debug|Any CPU
		{6613AB6D-BA71-48F2-8072-6058A6C4ECA8}.Debug|Any CPU.Build.0 = Debug|Any CPU
		{6613AB6D-BA71-48F2-8072-6058A6C4ECA8}.Release|Any CPU.ActiveCfg = Release|Any CPU
		{6613AB6D-BA71-48F2-8072-6058A6C4ECA8}.Release|Any CPU.Build.0 = Release|Any CPU
	EndGlobalSection
	GlobalSection(SolutionProperties) = preSolution
		HideSolutionNode = FALSE
	EndGlobalSection
	GlobalSection(ExtensibilityGlobals) = postSolution
		SolutionGuid = {FAC7BD3A-3A3A-469E-A7A6-E5A37697C35D}
	EndGlobalSection
EndGlobal
