
Microsoft Visual Studio Solution File, Format Version 12.00
# Visual Studio Version 16
VisualStudioVersion = 16.0.32413.511
MinimumVisualStudioVersion = 10.0.40219.1
Project("{FAE04EC0-301F-11D3-BF4B-00C04F79EFBC}") = "Test_1", "Test_1\Test_1.csproj", "{C6D3C3C9-29AF-45A3-A0CC-2C53842298A8}"
EndProject
Global
	GlobalSection(SolutionConfigurationPlatforms) = preSolution
		Debug|Any CPU = Debug|Any CPU
		Release|Any CPU = Release|Any CPU
	EndGlobalSection
	GlobalSection(ProjectConfigurationPlatforms) = postSolution
		{C6D3C3C9-29AF-45A3-A0CC-2C53842298A8}.Debug|Any CPU.ActiveCfg = Debug|Any CPU
		{C6D3C3C9-29AF-45A3-A0CC-2C53842298A8}.Debug|Any CPU.Build.0 = Debug|Any CPU
		{C6D3C3C9-29AF-45A3-A0CC-2C53842298A8}.Release|Any CPU.ActiveCfg = Release|Any CPU
		{C6D3C3C9-29AF-45A3-A0CC-2C53842298A8}.Release|Any CPU.Build.0 = Release|Any CPU
	EndGlobalSection
	GlobalSection(SolutionProperties) = preSolution
		HideSolutionNode = FALSE
	EndGlobalSection
	GlobalSection(ExtensibilityGlobals) = postSolution
		SolutionGuid = {F6C9D4F6-CBD3-4804-8209-FE51F240D036}
	EndGlobalSection
EndGlobal
