
Microsoft Visual Studio Solution File, Format Version 12.00
# Visual Studio Version 16
VisualStudioVersion = 16.0.32413.511
MinimumVisualStudioVersion = 10.0.40219.1
Project("{FAE04EC0-301F-11D3-BF4B-00C04F79EFBC}") = "Test_2", "Test_2\Test_2.csproj", "{8FFB431A-D999-4CF8-A26F-3F307EC94609}"
EndProject
Global
	GlobalSection(SolutionConfigurationPlatforms) = preSolution
		Debug|Any CPU = Debug|Any CPU
		Release|Any CPU = Release|Any CPU
	EndGlobalSection
	GlobalSection(ProjectConfigurationPlatforms) = postSolution
		{8FFB431A-D999-4CF8-A26F-3F307EC94609}.Debug|Any CPU.ActiveCfg = Debug|Any CPU
		{8FFB431A-D999-4CF8-A26F-3F307EC94609}.Debug|Any CPU.Build.0 = Debug|Any CPU
		{8FFB431A-D999-4CF8-A26F-3F307EC94609}.Release|Any CPU.ActiveCfg = Release|Any CPU
		{8FFB431A-D999-4CF8-A26F-3F307EC94609}.Release|Any CPU.Build.0 = Release|Any CPU
	EndGlobalSection
	GlobalSection(SolutionProperties) = preSolution
		HideSolutionNode = FALSE
	EndGlobalSection
	GlobalSection(ExtensibilityGlobals) = postSolution
		SolutionGuid = {4C7EDEA4-56AD-4296-BC39-833F9455C6DB}
	EndGlobalSection
EndGlobal
