
Microsoft Visual Studio Solution File, Format Version 12.00
# Visual Studio Version 16
VisualStudioVersion = 16.0.32413.511
MinimumVisualStudioVersion = 10.0.40219.1
Project("{FAE04EC0-301F-11D3-BF4B-00C04F79EFBC}") = "Test_3", "Test_3.csproj", "{FDE700CD-D411-44E9-9331-172257AA90C1}"
EndProject
Project("{FAE04EC0-301F-11D3-BF4B-00C04F79EFBC}") = "Test_3.Tests", "..\Test_3.Tests\Test_3.Tests.csproj", "{0163B052-81ED-49B0-AA4A-808DE5AF4991}"
EndProject
Global
	GlobalSection(SolutionConfigurationPlatforms) = preSolution
		Debug|Any CPU = Debug|Any CPU
		Release|Any CPU = Release|Any CPU
	EndGlobalSection
	GlobalSection(ProjectConfigurationPlatforms) = postSolution
		{FDE700CD-D411-44E9-9331-172257AA90C1}.Debug|Any CPU.ActiveCfg = Debug|Any CPU
		{FDE700CD-D411-44E9-9331-172257AA90C1}.Debug|Any CPU.Build.0 = Debug|Any CPU
		{FDE700CD-D411-44E9-9331-172257AA90C1}.Release|Any CPU.ActiveCfg = Release|Any CPU
		{FDE700CD-D411-44E9-9331-172257AA90C1}.Release|Any CPU.Build.0 = Release|Any CPU
		{0163B052-81ED-49B0-AA4A-808DE5AF4991}.Debug|Any CPU.ActiveCfg = Debug|Any CPU
		{0163B052-81ED-49B0-AA4A-808DE5AF4991}.Debug|Any CPU.Build.0 = Debug|Any CPU
		{0163B052-81ED-49B0-AA4A-808DE5AF4991}.Release|Any CPU.ActiveCfg = Release|Any CPU
		{0163B052-81ED-49B0-AA4A-808DE5AF4991}.Release|Any CPU.Build.0 = Release|Any CPU
	EndGlobalSection
	GlobalSection(SolutionProperties) = preSolution
		HideSolutionNode = FALSE
	EndGlobalSection
	GlobalSection(ExtensibilityGlobals) = postSolution
		SolutionGuid = {81689970-7785-4BB2-B186-E65B87008C75}
	EndGlobalSection
EndGlobal
