
Microsoft Visual Studio Solution File, Format Version 12.00
# Visual Studio Version 16
VisualStudioVersion = 16.0.32413.511
MinimumVisualStudioVersion = 10.0.40219.1
Project("{FAE04EC0-301F-11D3-BF4B-00C04F79EFBC}") = "test_2 (using Javascript)", "test_2 (using Javascript)\test_2 (using Javascript).csproj", "{234F93B1-0EA6-496B-BF4D-68C135D99D40}"
EndProject
Global
	GlobalSection(SolutionConfigurationPlatforms) = preSolution
		Debug|Any CPU = Debug|Any CPU
		Release|Any CPU = Release|Any CPU
	EndGlobalSection
	GlobalSection(ProjectConfigurationPlatforms) = postSolution
		{234F93B1-0EA6-496B-BF4D-68C135D99D40}.Debug|Any CPU.ActiveCfg = Debug|Any CPU
		{234F93B1-0EA6-496B-BF4D-68C135D99D40}.Debug|Any CPU.Build.0 = Debug|Any CPU
		{234F93B1-0EA6-496B-BF4D-68C135D99D40}.Release|Any CPU.ActiveCfg = Release|Any CPU
		{234F93B1-0EA6-496B-BF4D-68C135D99D40}.Release|Any CPU.Build.0 = Release|Any CPU
	EndGlobalSection
	GlobalSection(SolutionProperties) = preSolution
		HideSolutionNode = FALSE
	EndGlobalSection
	GlobalSection(ExtensibilityGlobals) = postSolution
		SolutionGuid = {E5E498BB-74ED-4487-91A1-675BE504FFCE}
	EndGlobalSection
EndGlobal
