
Microsoft Visual Studio Solution File, Format Version 12.00
# Visual Studio Version 16
VisualStudioVersion = 16.0.32413.511
MinimumVisualStudioVersion = 10.0.40219.1
Project("{FAE04EC0-301F-11D3-BF4B-00C04F79EFBC}") = "Test_1", "Test_1\Test_1.csproj", "{726AB2EA-05EA-4C27-BEBA-4859797FCF02}"
EndProject
Global
	GlobalSection(SolutionConfigurationPlatforms) = preSolution
		Debug|Any CPU = Debug|Any CPU
		Release|Any CPU = Release|Any CPU
	EndGlobalSection
	GlobalSection(ProjectConfigurationPlatforms) = postSolution
		{726AB2EA-05EA-4C27-BEBA-4859797FCF02}.Debug|Any CPU.ActiveCfg = Debug|Any CPU
		{726AB2EA-05EA-4C27-BEBA-4859797FCF02}.Debug|Any CPU.Build.0 = Debug|Any CPU
		{726AB2EA-05EA-4C27-BEBA-4859797FCF02}.Release|Any CPU.ActiveCfg = Release|Any CPU
		{726AB2EA-05EA-4C27-BEBA-4859797FCF02}.Release|Any CPU.Build.0 = Release|Any CPU
	EndGlobalSection
	GlobalSection(SolutionProperties) = preSolution
		HideSolutionNode = FALSE
	EndGlobalSection
	GlobalSection(ExtensibilityGlobals) = postSolution
		SolutionGuid = {B841ED4E-9B9D-4336-8F1C-742E6CB1AF25}
	EndGlobalSection
EndGlobal
