
Microsoft Visual Studio Solution File, Format Version 12.00
# Visual Studio Version 16
VisualStudioVersion = 16.0.32413.511
MinimumVisualStudioVersion = 10.0.40219.1
Project("{FAE04EC0-301F-11D3-BF4B-00C04F79EFBC}") = "Test_1", "Test_1.csproj", "{A0930A1D-903C-4E25-B18E-A53748C592A3}"
EndProject
Global
	GlobalSection(SolutionConfigurationPlatforms) = preSolution
		Debug|Any CPU = Debug|Any CPU
		Release|Any CPU = Release|Any CPU
	EndGlobalSection
	GlobalSection(ProjectConfigurationPlatforms) = postSolution
		{A0930A1D-903C-4E25-B18E-A53748C592A3}.Debug|Any CPU.ActiveCfg = Debug|Any CPU
		{A0930A1D-903C-4E25-B18E-A53748C592A3}.Debug|Any CPU.Build.0 = Debug|Any CPU
		{A0930A1D-903C-4E25-B18E-A53748C592A3}.Release|Any CPU.ActiveCfg = Release|Any CPU
		{A0930A1D-903C-4E25-B18E-A53748C592A3}.Release|Any CPU.Build.0 = Release|Any CPU
	EndGlobalSection
	GlobalSection(SolutionProperties) = preSolution
		HideSolutionNode = FALSE
	EndGlobalSection
	GlobalSection(ExtensibilityGlobals) = postSolution
		SolutionGuid = {BCE471F1-316E-45FF-9E62-0A61A499C959}
	EndGlobalSection
EndGlobal
